
Microsoft Visual Studio Solution File, Format Version 12.00
# Visual Studio 15
VisualStudioVersion = 15.0.27703.2026
MinimumVisualStudioVersion = 10.0.40219.1
Project("{9A19103F-16F7-4668-BE54-9A1E7A4F7556}") = "wopApi", "wopApi\wopApi.csproj", "{BCFD7A49-5ED7-42DB-B3FE-9761C1DD26E7}"
EndProject
Project("{FAE04EC0-301F-11D3-BF4B-00C04F79EFBC}") = "ClientApp", "ClientApp\ClientApp.csproj", "{4E4592FD-BD35-49E9-A6CF-6FEA97B1EBF0}"
EndProject
Global
	GlobalSection(SolutionConfigurationPlatforms) = preSolution
		Debug|Any CPU = Debug|Any CPU
		Release|Any CPU = Release|Any CPU
	EndGlobalSection
	GlobalSection(ProjectConfigurationPlatforms) = postSolution
		{BCFD7A49-5ED7-42DB-B3FE-9761C1DD26E7}.Debug|Any CPU.ActiveCfg = Debug|Any CPU
		{BCFD7A49-5ED7-42DB-B3FE-9761C1DD26E7}.Debug|Any CPU.Build.0 = Debug|Any CPU
		{BCFD7A49-5ED7-42DB-B3FE-9761C1DD26E7}.Release|Any CPU.ActiveCfg = Release|Any CPU
		{BCFD7A49-5ED7-42DB-B3FE-9761C1DD26E7}.Release|Any CPU.Build.0 = Release|Any CPU
		{4E4592FD-BD35-49E9-A6CF-6FEA97B1EBF0}.Debug|Any CPU.ActiveCfg = Debug|Any CPU
		{4E4592FD-BD35-49E9-A6CF-6FEA97B1EBF0}.Debug|Any CPU.Build.0 = Debug|Any CPU
		{4E4592FD-BD35-49E9-A6CF-6FEA97B1EBF0}.Release|Any CPU.ActiveCfg = Release|Any CPU
		{4E4592FD-BD35-49E9-A6CF-6FEA97B1EBF0}.Release|Any CPU.Build.0 = Release|Any CPU
	EndGlobalSection
	GlobalSection(SolutionProperties) = preSolution
		HideSolutionNode = FALSE
	EndGlobalSection
	GlobalSection(ExtensibilityGlobals) = postSolution
		SolutionGuid = {908F4F28-0568-4171-A4DF-0B50CDF02B32}
	EndGlobalSection
EndGlobal
